// !$*UTF8*$!
{
	archiveVersion = 1;
	classes = {
	};
	objectVersion = 46;
	objects = {

/* Begin PBXBuildFile section */
		592ABE3B1E5874AE0008206A /* server.cpp in Sources */ = {isa = PBXBuildFile; fileRef = 592ABE391E5874AE0008206A /* server.cpp */; };
		592ABE3E1E5875330008206A /* connection.cpp in Sources */ = {isa = PBXBuildFile; fileRef = 592ABE3C1E5875330008206A /* connection.cpp */; };
		592ABE411E58763F0008206A /* connection_manager.cpp in Sources */ = {isa = PBXBuildFile; fileRef = 592ABE3F1E58763F0008206A /* connection_manager.cpp */; };
		592ABE441E587A330008206A /* request_handler.cpp in Sources */ = {isa = PBXBuildFile; fileRef = 592ABE421E587A330008206A /* request_handler.cpp */; };
		592ABE471E5882090008206A /* request_parser.cpp in Sources */ = {isa = PBXBuildFile; fileRef = 592ABE451E5882090008206A /* request_parser.cpp */; };
		592ABE4A1E5882540008206A /* request.cpp in Sources */ = {isa = PBXBuildFile; fileRef = 592ABE481E5882540008206A /* request.cpp */; };
		592ABE4D1E5882760008206A /* reply.cpp in Sources */ = {isa = PBXBuildFile; fileRef = 592ABE4B1E5882760008206A /* reply.cpp */; };
		592ABE501E5882B90008206A /* header.cpp in Sources */ = {isa = PBXBuildFile; fileRef = 592ABE4E1E5882B90008206A /* header.cpp */; };
		592ABE531E5882DC0008206A /* mime_types.cpp in Sources */ = {isa = PBXBuildFile; fileRef = 592ABE511E5882DC0008206A /* mime_types.cpp */; };
		592ABE581E5891F50008206A /* logger.cpp in Sources */ = {isa = PBXBuildFile; fileRef = 592ABE561E5891F50008206A /* logger.cpp */; };
		592ABE5E1E59DEEE0008206A /* request_router.cpp in Sources */ = {isa = PBXBuildFile; fileRef = 592ABE5C1E59DEEE0008206A /* request_router.cpp */; };
		592ABE611E59E5310008206A /* JSONRPC2Handler.cpp in Sources */ = {isa = PBXBuildFile; fileRef = 592ABE5F1E59E5310008206A /* JSONRPC2Handler.cpp */; };
		592ABE641E59E75C0008206A /* JSONRPC2Method.cpp in Sources */ = {isa = PBXBuildFile; fileRef = 592ABE621E59E75C0008206A /* JSONRPC2Method.cpp */; };
		593A57D21E11330D005BD856 /* config.cpp in Sources */ = {isa = PBXBuildFile; fileRef = 593A57D01E11330D005BD856 /* config.cpp */; };
		593A57D51E1133FB005BD856 /* application.cpp in Sources */ = {isa = PBXBuildFile; fileRef = 593A57D31E1133FB005BD856 /* application.cpp */; };
		59BD75921DEFFC72003A7E45 /* main.cpp in Sources */ = {isa = PBXBuildFile; fileRef = 59BD75911DEFFC72003A7E45 /* main.cpp */; };
/* End PBXBuildFile section */

/* Begin PBXCopyFilesBuildPhase section */
		59BD758C1DEFFC72003A7E45 /* CopyFiles */ = {
			isa = PBXCopyFilesBuildPhase;
			buildActionMask = 2147483647;
			dstPath = /usr/share/man/man1/;
			dstSubfolderSpec = 0;
			files = (
			);
			runOnlyForDeploymentPostprocessing = 1;
		};
/* End PBXCopyFilesBuildPhase section */

/* Begin PBXFileReference section */
		592ABE391E5874AE0008206A /* server.cpp */ = {isa = PBXFileReference; fileEncoding = 4; lastKnownFileType = sourcecode.cpp.cpp; name = server.cpp; path = http/server.cpp; sourceTree = "<group>"; };
		592ABE3A1E5874AE0008206A /* server.hpp */ = {isa = PBXFileReference; fileEncoding = 4; lastKnownFileType = sourcecode.cpp.h; name = server.hpp; path = http/server.hpp; sourceTree = "<group>"; };
		592ABE3C1E5875330008206A /* connection.cpp */ = {isa = PBXFileReference; fileEncoding = 4; lastKnownFileType = sourcecode.cpp.cpp; name = connection.cpp; path = http/connection.cpp; sourceTree = "<group>"; };
		592ABE3D1E5875330008206A /* connection.hpp */ = {isa = PBXFileReference; fileEncoding = 4; lastKnownFileType = sourcecode.cpp.h; name = connection.hpp; path = http/connection.hpp; sourceTree = "<group>"; };
		592ABE3F1E58763F0008206A /* connection_manager.cpp */ = {isa = PBXFileReference; fileEncoding = 4; lastKnownFileType = sourcecode.cpp.cpp; name = connection_manager.cpp; path = http/connection_manager.cpp; sourceTree = "<group>"; };
		592ABE401E58763F0008206A /* connection_manager.hpp */ = {isa = PBXFileReference; fileEncoding = 4; lastKnownFileType = sourcecode.cpp.h; name = connection_manager.hpp; path = http/connection_manager.hpp; sourceTree = "<group>"; };
		592ABE421E587A330008206A /* request_handler.cpp */ = {isa = PBXFileReference; fileEncoding = 4; lastKnownFileType = sourcecode.cpp.cpp; name = request_handler.cpp; path = http/request_handler.cpp; sourceTree = "<group>"; };
		592ABE431E587A330008206A /* request_handler.hpp */ = {isa = PBXFileReference; fileEncoding = 4; lastKnownFileType = sourcecode.cpp.h; name = request_handler.hpp; path = http/request_handler.hpp; sourceTree = "<group>"; };
		592ABE451E5882090008206A /* request_parser.cpp */ = {isa = PBXFileReference; fileEncoding = 4; lastKnownFileType = sourcecode.cpp.cpp; name = request_parser.cpp; path = http/request_parser.cpp; sourceTree = "<group>"; };
		592ABE461E5882090008206A /* request_parser.hpp */ = {isa = PBXFileReference; fileEncoding = 4; lastKnownFileType = sourcecode.cpp.h; name = request_parser.hpp; path = http/request_parser.hpp; sourceTree = "<group>"; };
		592ABE481E5882540008206A /* request.cpp */ = {isa = PBXFileReference; fileEncoding = 4; lastKnownFileType = sourcecode.cpp.cpp; name = request.cpp; path = http/request.cpp; sourceTree = "<group>"; };
		592ABE491E5882540008206A /* request.hpp */ = {isa = PBXFileReference; fileEncoding = 4; lastKnownFileType = sourcecode.cpp.h; name = request.hpp; path = http/request.hpp; sourceTree = "<group>"; };
		592ABE4B1E5882760008206A /* reply.cpp */ = {isa = PBXFileReference; fileEncoding = 4; lastKnownFileType = sourcecode.cpp.cpp; name = reply.cpp; path = http/reply.cpp; sourceTree = "<group>"; };
		592ABE4C1E5882760008206A /* reply.hpp */ = {isa = PBXFileReference; fileEncoding = 4; lastKnownFileType = sourcecode.cpp.h; name = reply.hpp; path = http/reply.hpp; sourceTree = "<group>"; };
		592ABE4E1E5882B90008206A /* header.cpp */ = {isa = PBXFileReference; fileEncoding = 4; lastKnownFileType = sourcecode.cpp.cpp; name = header.cpp; path = http/header.cpp; sourceTree = "<group>"; };
		592ABE4F1E5882B90008206A /* header.hpp */ = {isa = PBXFileReference; fileEncoding = 4; lastKnownFileType = sourcecode.cpp.h; name = header.hpp; path = http/header.hpp; sourceTree = "<group>"; };
		592ABE511E5882DC0008206A /* mime_types.cpp */ = {isa = PBXFileReference; fileEncoding = 4; lastKnownFileType = sourcecode.cpp.cpp; name = mime_types.cpp; path = http/mime_types.cpp; sourceTree = "<group>"; };
		592ABE521E5882DC0008206A /* mime_types.hpp */ = {isa = PBXFileReference; fileEncoding = 4; lastKnownFileType = sourcecode.cpp.h; name = mime_types.hpp; path = http/mime_types.hpp; sourceTree = "<group>"; };
		592ABE551E5885600008206A /* index.html */ = {isa = PBXFileReference; fileEncoding = 4; lastKnownFileType = text.html; name = index.html; path = webroot/index.html; sourceTree = "<group>"; };
		592ABE561E5891F50008206A /* logger.cpp */ = {isa = PBXFileReference; fileEncoding = 4; lastKnownFileType = sourcecode.cpp.cpp; path = logger.cpp; sourceTree = "<group>"; };
		592ABE571E5891F50008206A /* logger.hpp */ = {isa = PBXFileReference; fileEncoding = 4; lastKnownFileType = sourcecode.cpp.h; path = logger.hpp; sourceTree = "<group>"; };
		592ABE5C1E59DEEE0008206A /* request_router.cpp */ = {isa = PBXFileReference; fileEncoding = 4; lastKnownFileType = sourcecode.cpp.cpp; name = request_router.cpp; path = http/request_router.cpp; sourceTree = "<group>"; };
		592ABE5D1E59DEEE0008206A /* request_router.hpp */ = {isa = PBXFileReference; fileEncoding = 4; lastKnownFileType = sourcecode.cpp.h; name = request_router.hpp; path = http/request_router.hpp; sourceTree = "<group>"; };
		592ABE5F1E59E5310008206A /* JSONRPC2Handler.cpp */ = {isa = PBXFileReference; fileEncoding = 4; lastKnownFileType = sourcecode.cpp.cpp; name = JSONRPC2Handler.cpp; path = "http/json-rpc/JSONRPC2Handler.cpp"; sourceTree = "<group>"; };
		592ABE601E59E5310008206A /* JSONRPC2Handler.hpp */ = {isa = PBXFileReference; fileEncoding = 4; lastKnownFileType = sourcecode.cpp.h; name = JSONRPC2Handler.hpp; path = "http/json-rpc/JSONRPC2Handler.hpp"; sourceTree = "<group>"; };
		592ABE621E59E75C0008206A /* JSONRPC2Method.cpp */ = {isa = PBXFileReference; fileEncoding = 4; lastKnownFileType = sourcecode.cpp.cpp; name = JSONRPC2Method.cpp; path = "http/json-rpc/JSONRPC2Method.cpp"; sourceTree = "<group>"; };
		592ABE631E59E75C0008206A /* JSONRPC2Method.hpp */ = {isa = PBXFileReference; fileEncoding = 4; lastKnownFileType = sourcecode.cpp.h; name = JSONRPC2Method.hpp; path = "http/json-rpc/JSONRPC2Method.hpp"; sourceTree = "<group>"; };
		593A57CE1E113018005BD856 /* json-helper.h */ = {isa = PBXFileReference; lastKnownFileType = sourcecode.c.h; name = "json-helper.h"; path = "json/json-helper.h"; sourceTree = "<group>"; };
		593A57CF1E11303F005BD856 /* json-types.h */ = {isa = PBXFileReference; lastKnownFileType = sourcecode.c.h; name = "json-types.h"; path = "json/json-types.h"; sourceTree = "<group>"; };
		593A57D01E11330D005BD856 /* config.cpp */ = {isa = PBXFileReference; fileEncoding = 4; lastKnownFileType = sourcecode.cpp.cpp; path = config.cpp; sourceTree = "<group>"; };
		593A57D11E11330D005BD856 /* config.hpp */ = {isa = PBXFileReference; fileEncoding = 4; lastKnownFileType = sourcecode.cpp.h; path = config.hpp; sourceTree = "<group>"; };
		593A57D31E1133FB005BD856 /* application.cpp */ = {isa = PBXFileReference; fileEncoding = 4; lastKnownFileType = sourcecode.cpp.cpp; path = application.cpp; sourceTree = "<group>"; };
		593A57D41E1133FB005BD856 /* application.hpp */ = {isa = PBXFileReference; fileEncoding = 4; lastKnownFileType = sourcecode.cpp.h; path = application.hpp; sourceTree = "<group>"; };
		59BD758E1DEFFC72003A7E45 /* web-service */ = {isa = PBXFileReference; explicitFileType = "compiled.mach-o.executable"; includeInIndex = 0; path = "web-service"; sourceTree = BUILT_PRODUCTS_DIR; };
		59BD75911DEFFC72003A7E45 /* main.cpp */ = {isa = PBXFileReference; lastKnownFileType = sourcecode.cpp.cpp; path = main.cpp; sourceTree = "<group>"; };
		59BD75A41DF00C12003A7E45 /* spec.h */ = {isa = PBXFileReference; fileEncoding = 4; lastKnownFileType = sourcecode.c.h; name = spec.h; path = "http/json-rpc/spec.h"; sourceTree = "<group>"; };
/* End PBXFileReference section */

/* Begin PBXFrameworksBuildPhase section */
		59BD758B1DEFFC72003A7E45 /* Frameworks */ = {
			isa = PBXFrameworksBuildPhase;
			buildActionMask = 2147483647;
			files = (
			);
			runOnlyForDeploymentPostprocessing = 0;
		};
/* End PBXFrameworksBuildPhase section */

/* Begin PBXGroup section */
		592ABE541E5885500008206A /* webroot */ = {
			isa = PBXGroup;
			children = (
				592ABE551E5885600008206A /* index.html */,
			);
			name = webroot;
			sourceTree = "<group>";
		};
		593A57CD1E112FD4005BD856 /* json */ = {
			isa = PBXGroup;
			children = (
				593A57CE1E113018005BD856 /* json-helper.h */,
				593A57CF1E11303F005BD856 /* json-types.h */,
			);
			name = json;
			sourceTree = "<group>";
		};
		59BD75851DEFFC72003A7E45 = {
			isa = PBXGroup;
			children = (
				592ABE541E5885500008206A /* webroot */,
				59BD75901DEFFC72003A7E45 /* web-service */,
				59BD758F1DEFFC72003A7E45 /* Products */,
			);
			sourceTree = "<group>";
		};
		59BD758F1DEFFC72003A7E45 /* Products */ = {
			isa = PBXGroup;
			children = (
				59BD758E1DEFFC72003A7E45 /* web-service */,
			);
			name = Products;
			sourceTree = "<group>";
		};
		59BD75901DEFFC72003A7E45 /* web-service */ = {
			isa = PBXGroup;
			children = (
				593A57CD1E112FD4005BD856 /* json */,
				59BD75981DEFFF1D003A7E45 /* http */,
				59BD75911DEFFC72003A7E45 /* main.cpp */,
				593A57D01E11330D005BD856 /* config.cpp */,
				593A57D11E11330D005BD856 /* config.hpp */,
				593A57D31E1133FB005BD856 /* application.cpp */,
				593A57D41E1133FB005BD856 /* application.hpp */,
				592ABE561E5891F50008206A /* logger.cpp */,
				592ABE571E5891F50008206A /* logger.hpp */,
			);
			path = "web-service";
			sourceTree = "<group>";
		};
		59BD75981DEFFF1D003A7E45 /* http */ = {
			isa = PBXGroup;
			children = (
				59BD75991DEFFF2D003A7E45 /* json-rpc */,
				592ABE391E5874AE0008206A /* server.cpp */,
				592ABE3A1E5874AE0008206A /* server.hpp */,
				592ABE3C1E5875330008206A /* connection.cpp */,
				592ABE3D1E5875330008206A /* connection.hpp */,
				592ABE3F1E58763F0008206A /* connection_manager.cpp */,
				592ABE401E58763F0008206A /* connection_manager.hpp */,
				592ABE421E587A330008206A /* request_handler.cpp */,
				592ABE431E587A330008206A /* request_handler.hpp */,
				592ABE451E5882090008206A /* request_parser.cpp */,
				592ABE461E5882090008206A /* request_parser.hpp */,
				592ABE481E5882540008206A /* request.cpp */,
				592ABE491E5882540008206A /* request.hpp */,
				592ABE4B1E5882760008206A /* reply.cpp */,
				592ABE4C1E5882760008206A /* reply.hpp */,
				592ABE4E1E5882B90008206A /* header.cpp */,
				592ABE4F1E5882B90008206A /* header.hpp */,
				592ABE511E5882DC0008206A /* mime_types.cpp */,
				592ABE521E5882DC0008206A /* mime_types.hpp */,
				592ABE5C1E59DEEE0008206A /* request_router.cpp */,
				592ABE5D1E59DEEE0008206A /* request_router.hpp */,
			);
			name = http;
			sourceTree = "<group>";
		};
		59BD75991DEFFF2D003A7E45 /* json-rpc */ = {
			isa = PBXGroup;
			children = (
				59BD75A41DF00C12003A7E45 /* spec.h */,
				592ABE5F1E59E5310008206A /* JSONRPC2Handler.cpp */,
				592ABE601E59E5310008206A /* JSONRPC2Handler.hpp */,
				592ABE621E59E75C0008206A /* JSONRPC2Method.cpp */,
				592ABE631E59E75C0008206A /* JSONRPC2Method.hpp */,
			);
			name = "json-rpc";
			sourceTree = "<group>";
		};
/* End PBXGroup section */

/* Begin PBXNativeTarget section */
		59BD758D1DEFFC72003A7E45 /* web-service */ = {
			isa = PBXNativeTarget;
			buildConfigurationList = 59BD75951DEFFC72003A7E45 /* Build configuration list for PBXNativeTarget "web-service" */;
			buildPhases = (
				59BD758A1DEFFC72003A7E45 /* Sources */,
				59BD758B1DEFFC72003A7E45 /* Frameworks */,
				59BD758C1DEFFC72003A7E45 /* CopyFiles */,
			);
			buildRules = (
			);
			dependencies = (
			);
			name = "web-service";
			productName = "web-service";
			productReference = 59BD758E1DEFFC72003A7E45 /* web-service */;
			productType = "com.apple.product-type.tool";
		};
/* End PBXNativeTarget section */

/* Begin PBXProject section */
		59BD75861DEFFC72003A7E45 /* Project object */ = {
			isa = PBXProject;
			attributes = {
				LastUpgradeCheck = 0810;
				ORGANIZATIONNAME = "Ivan Kishchenko";
				TargetAttributes = {
					59BD758D1DEFFC72003A7E45 = {
						CreatedOnToolsVersion = 8.1;
						ProvisioningStyle = Automatic;
					};
				};
			};
			buildConfigurationList = 59BD75891DEFFC72003A7E45 /* Build configuration list for PBXProject "web-service" */;
			compatibilityVersion = "Xcode 3.2";
			developmentRegion = English;
			hasScannedForEncodings = 0;
			knownRegions = (
				en,
			);
			mainGroup = 59BD75851DEFFC72003A7E45;
			productRefGroup = 59BD758F1DEFFC72003A7E45 /* Products */;
			projectDirPath = "";
			projectRoot = "";
			targets = (
				59BD758D1DEFFC72003A7E45 /* web-service */,
			);
		};
/* End PBXProject section */

/* Begin PBXSourcesBuildPhase section */
		59BD758A1DEFFC72003A7E45 /* Sources */ = {
			isa = PBXSourcesBuildPhase;
			buildActionMask = 2147483647;
			files = (
				592ABE471E5882090008206A /* request_parser.cpp in Sources */,
				592ABE441E587A330008206A /* request_handler.cpp in Sources */,
				59BD75921DEFFC72003A7E45 /* main.cpp in Sources */,
				592ABE411E58763F0008206A /* connection_manager.cpp in Sources */,
				592ABE581E5891F50008206A /* logger.cpp in Sources */,
				592ABE641E59E75C0008206A /* JSONRPC2Method.cpp in Sources */,
				592ABE4D1E5882760008206A /* reply.cpp in Sources */,
				592ABE3E1E5875330008206A /* connection.cpp in Sources */,
				593A57D21E11330D005BD856 /* config.cpp in Sources */,
				592ABE3B1E5874AE0008206A /* server.cpp in Sources */,
				592ABE611E59E5310008206A /* JSONRPC2Handler.cpp in Sources */,
				592ABE4A1E5882540008206A /* request.cpp in Sources */,
				592ABE5E1E59DEEE0008206A /* request_router.cpp in Sources */,
				592ABE501E5882B90008206A /* header.cpp in Sources */,
				593A57D51E1133FB005BD856 /* application.cpp in Sources */,
				592ABE531E5882DC0008206A /* mime_types.cpp in Sources */,
			);
			runOnlyForDeploymentPostprocessing = 0;
		};
/* End PBXSourcesBuildPhase section */

/* Begin XCBuildConfiguration section */
		59BD75931DEFFC72003A7E45 /* Debug */ = {
			isa = XCBuildConfiguration;
			buildSettings = {
				ALWAYS_SEARCH_USER_PATHS = NO;
				CLANG_ANALYZER_NONNULL = YES;
				CLANG_CXX_LANGUAGE_STANDARD = "gnu++0x";
				CLANG_CXX_LIBRARY = "libc++";
				CLANG_ENABLE_MODULES = YES;
				CLANG_ENABLE_OBJC_ARC = YES;
				CLANG_WARN_BOOL_CONVERSION = YES;
				CLANG_WARN_CONSTANT_CONVERSION = YES;
				CLANG_WARN_DIRECT_OBJC_ISA_USAGE = YES_ERROR;
				CLANG_WARN_DOCUMENTATION_COMMENTS = YES;
				CLANG_WARN_EMPTY_BODY = YES;
				CLANG_WARN_ENUM_CONVERSION = YES;
				CLANG_WARN_INFINITE_RECURSION = YES;
				CLANG_WARN_INT_CONVERSION = YES;
				CLANG_WARN_OBJC_ROOT_CLASS = YES_ERROR;
				CLANG_WARN_SUSPICIOUS_MOVES = YES;
				CLANG_WARN_UNREACHABLE_CODE = YES;
				CLANG_WARN__DUPLICATE_METHOD_MATCH = YES;
				CODE_SIGN_IDENTITY = "-";
				COPY_PHASE_STRIP = NO;
				DEBUG_INFORMATION_FORMAT = dwarf;
				ENABLE_STRICT_OBJC_MSGSEND = YES;
				ENABLE_TESTABILITY = YES;
				GCC_C_LANGUAGE_STANDARD = gnu99;
				GCC_DYNAMIC_NO_PIC = NO;
				GCC_NO_COMMON_BLOCKS = YES;
				GCC_OPTIMIZATION_LEVEL = 0;
				GCC_PREPROCESSOR_DEFINITIONS = (
					"DEBUG=1",
					"$(inherited)",
				);
				GCC_WARN_64_TO_32_BIT_CONVERSION = YES;
				GCC_WARN_ABOUT_RETURN_TYPE = YES_ERROR;
				GCC_WARN_UNDECLARED_SELECTOR = YES;
				GCC_WARN_UNINITIALIZED_AUTOS = YES_AGGRESSIVE;
				GCC_WARN_UNUSED_FUNCTION = YES;
				GCC_WARN_UNUSED_VARIABLE = YES;
				MACOSX_DEPLOYMENT_TARGET = 10.12;
				MTL_ENABLE_DEBUG_INFO = YES;
				ONLY_ACTIVE_ARCH = YES;
				SDKROOT = macosx;
			};
			name = Debug;
		};
		59BD75941DEFFC72003A7E45 /* Release */ = {
			isa = XCBuildConfiguration;
			buildSettings = {
				ALWAYS_SEARCH_USER_PATHS = NO;
				CLANG_ANALYZER_NONNULL = YES;
				CLANG_CXX_LANGUAGE_STANDARD = "gnu++0x";
				CLANG_CXX_LIBRARY = "libc++";
				CLANG_ENABLE_MODULES = YES;
				CLANG_ENABLE_OBJC_ARC = YES;
				CLANG_WARN_BOOL_CONVERSION = YES;
				CLANG_WARN_CONSTANT_CONVERSION = YES;
				CLANG_WARN_DIRECT_OBJC_ISA_USAGE = YES_ERROR;
				CLANG_WARN_DOCUMENTATION_COMMENTS = YES;
				CLANG_WARN_EMPTY_BODY = YES;
				CLANG_WARN_ENUM_CONVERSION = YES;
				CLANG_WARN_INFINITE_RECURSION = YES;
				CLANG_WARN_INT_CONVERSION = YES;
				CLANG_WARN_OBJC_ROOT_CLASS = YES_ERROR;
				CLANG_WARN_SUSPICIOUS_MOVES = YES;
				CLANG_WARN_UNREACHABLE_CODE = YES;
				CLANG_WARN__DUPLICATE_METHOD_MATCH = YES;
				CODE_SIGN_IDENTITY = "-";
				COPY_PHASE_STRIP = NO;
				DEBUG_INFORMATION_FORMAT = "dwarf-with-dsym";
				ENABLE_NS_ASSERTIONS = NO;
				ENABLE_STRICT_OBJC_MSGSEND = YES;
				GCC_C_LANGUAGE_STANDARD = gnu99;
				GCC_NO_COMMON_BLOCKS = YES;
				GCC_WARN_64_TO_32_BIT_CONVERSION = YES;
				GCC_WARN_ABOUT_RETURN_TYPE = YES_ERROR;
				GCC_WARN_UNDECLARED_SELECTOR = YES;
				GCC_WARN_UNINITIALIZED_AUTOS = YES_AGGRESSIVE;
				GCC_WARN_UNUSED_FUNCTION = YES;
				GCC_WARN_UNUSED_VARIABLE = YES;
				MACOSX_DEPLOYMENT_TARGET = 10.12;
				MTL_ENABLE_DEBUG_INFO = NO;
				SDKROOT = macosx;
			};
			name = Release;
		};
		59BD75961DEFFC72003A7E45 /* Debug */ = {
			isa = XCBuildConfiguration;
			buildSettings = {
				ALWAYS_SEARCH_USER_PATHS = YES;
				CLANG_CXX_LANGUAGE_STANDARD = "gnu++0x";
				CLANG_CXX_LIBRARY = "libc++";
				GCC_C_LANGUAGE_STANDARD = c11;
				HEADER_SEARCH_PATHS = (
					/usr/include,
					/usr/local/include,
				);
				LIBRARY_SEARCH_PATHS = /usr/local/Cellar/boost/1.60.0_1/lib/;
				OTHER_LDFLAGS = (
					"-lboost_program_options",
					"-lboost_system",
					"-lboost_filesystem",
					"-lboost_thread-mt",
					"-lboost_date_time",
					"-lboost_log_setup-mt",
					"-lboost_log-mt",
				);
				OTHER_LIBTOOLFLAGS = "";
				PRODUCT_NAME = "$(TARGET_NAME)";
				SCAN_ALL_SOURCE_FILES_FOR_INCLUDES = YES;
				STRINGS_FILE_OUTPUT_ENCODING = "UTF-8";
			};
			name = Debug;
		};
		59BD75971DEFFC72003A7E45 /* Release */ = {
			isa = XCBuildConfiguration;
			buildSettings = {
				ALWAYS_SEARCH_USER_PATHS = YES;
				CLANG_CXX_LANGUAGE_STANDARD = "gnu++0x";
				CLANG_CXX_LIBRARY = "libc++";
				GCC_C_LANGUAGE_STANDARD = c11;
				HEADER_SEARCH_PATHS = (
					/usr/include,
					/usr/local/include,
				);
				LIBRARY_SEARCH_PATHS = /usr/local/Cellar/boost/1.60.0_1/lib/;
				OTHER_LDFLAGS = (
					"-lboost_program_options",
					"-lboost_system",
					"-lboost_filesystem",
					"-lboost_thread-mt",
					"-lboost_date_time",
					"-lboost_log_setup-mt",
					"-lboost_log-mt",
				);
				OTHER_LIBTOOLFLAGS = "";
				PRODUCT_NAME = "$(TARGET_NAME)";
				SCAN_ALL_SOURCE_FILES_FOR_INCLUDES = YES;
				STRINGS_FILE_OUTPUT_ENCODING = "UTF-8";
			};
			name = Release;
		};
/* End XCBuildConfiguration section */

/* Begin XCConfigurationList section */
		59BD75891DEFFC72003A7E45 /* Build configuration list for PBXProject "web-service" */ = {
			isa = XCConfigurationList;
			buildConfigurations = (
				59BD75931DEFFC72003A7E45 /* Debug */,
				59BD75941DEFFC72003A7E45 /* Release */,
			);
			defaultConfigurationIsVisible = 0;
			defaultConfigurationName = Release;
		};
		59BD75951DEFFC72003A7E45 /* Build configuration list for PBXNativeTarget "web-service" */ = {
			isa = XCConfigurationList;
			buildConfigurations = (
				59BD75961DEFFC72003A7E45 /* Debug */,
				59BD75971DEFFC72003A7E45 /* Release */,
			);
			defaultConfigurationIsVisible = 0;
			defaultConfigurationName = Release;
		};
/* End XCConfigurationList section */
	};
	rootObject = 59BD75861DEFFC72003A7E45 /* Project object */;
}
