// !$*UTF8*$!
{
	archiveVersion = 1;
	classes = {
	};
	objectVersion = 46;
	objects = {

/* Begin PBXBuildFile section */
		59BD75921DEFFC72003A7E45 /* main.cpp in Sources */ = {isa = PBXBuildFile; fileRef = 59BD75911DEFFC72003A7E45 /* main.cpp */; };
		59BD75A01DF00585003A7E45 /* spec.cpp in Sources */ = {isa = PBXBuildFile; fileRef = 59BD759F1DF00585003A7E45 /* spec.cpp */; };
/* End PBXBuildFile section */

/* Begin PBXCopyFilesBuildPhase section */
		59BD758C1DEFFC72003A7E45 /* CopyFiles */ = {
			isa = PBXCopyFilesBuildPhase;
			buildActionMask = 2147483647;
			dstPath = /usr/share/man/man1/;
			dstSubfolderSpec = 0;
			files = (
			);
			runOnlyForDeploymentPostprocessing = 1;
		};
/* End PBXCopyFilesBuildPhase section */

/* Begin PBXFileReference section */
		5992C1021DF0F1DB009BB27D /* helper.h */ = {isa = PBXFileReference; lastKnownFileType = sourcecode.c.h; name = helper.h; path = "http/json-rpc/helper.h"; sourceTree = "<group>"; };
		5992C1031DF19927009BB27D /* types.h */ = {isa = PBXFileReference; lastKnownFileType = sourcecode.c.h; name = types.h; path = "http/json-rpc/types.h"; sourceTree = "<group>"; };
		59BD758E1DEFFC72003A7E45 /* web-service */ = {isa = PBXFileReference; explicitFileType = "compiled.mach-o.executable"; includeInIndex = 0; path = "web-service"; sourceTree = BUILT_PRODUCTS_DIR; };
		59BD75911DEFFC72003A7E45 /* main.cpp */ = {isa = PBXFileReference; lastKnownFileType = sourcecode.cpp.cpp; path = main.cpp; sourceTree = "<group>"; };
		59BD759F1DF00585003A7E45 /* spec.cpp */ = {isa = PBXFileReference; fileEncoding = 4; lastKnownFileType = sourcecode.cpp.cpp; name = spec.cpp; path = "http/json-rpc/spec.cpp"; sourceTree = "<group>"; };
		59BD75A41DF00C12003A7E45 /* spec.hpp */ = {isa = PBXFileReference; fileEncoding = 4; lastKnownFileType = sourcecode.cpp.h; name = spec.hpp; path = "http/json-rpc/spec.hpp"; sourceTree = "<group>"; };
/* End PBXFileReference section */

/* Begin PBXFrameworksBuildPhase section */
		59BD758B1DEFFC72003A7E45 /* Frameworks */ = {
			isa = PBXFrameworksBuildPhase;
			buildActionMask = 2147483647;
			files = (
			);
			runOnlyForDeploymentPostprocessing = 0;
		};
/* End PBXFrameworksBuildPhase section */

/* Begin PBXGroup section */
		59BD75851DEFFC72003A7E45 = {
			isa = PBXGroup;
			children = (
				59BD75901DEFFC72003A7E45 /* web-service */,
				59BD758F1DEFFC72003A7E45 /* Products */,
			);
			sourceTree = "<group>";
		};
		59BD758F1DEFFC72003A7E45 /* Products */ = {
			isa = PBXGroup;
			children = (
				59BD758E1DEFFC72003A7E45 /* web-service */,
			);
			name = Products;
			sourceTree = "<group>";
		};
		59BD75901DEFFC72003A7E45 /* web-service */ = {
			isa = PBXGroup;
			children = (
				59BD75981DEFFF1D003A7E45 /* http */,
				59BD75911DEFFC72003A7E45 /* main.cpp */,
			);
			path = "web-service";
			sourceTree = "<group>";
		};
		59BD75981DEFFF1D003A7E45 /* http */ = {
			isa = PBXGroup;
			children = (
				59BD75991DEFFF2D003A7E45 /* json-rpc */,
			);
			name = http;
			sourceTree = "<group>";
		};
		59BD75991DEFFF2D003A7E45 /* json-rpc */ = {
			isa = PBXGroup;
			children = (
				59BD75A41DF00C12003A7E45 /* spec.hpp */,
				59BD759F1DF00585003A7E45 /* spec.cpp */,
				5992C1021DF0F1DB009BB27D /* helper.h */,
				5992C1031DF19927009BB27D /* types.h */,
			);
			name = "json-rpc";
			sourceTree = "<group>";
		};
/* End PBXGroup section */

/* Begin PBXNativeTarget section */
		59BD758D1DEFFC72003A7E45 /* web-service */ = {
			isa = PBXNativeTarget;
			buildConfigurationList = 59BD75951DEFFC72003A7E45 /* Build configuration list for PBXNativeTarget "web-service" */;
			buildPhases = (
				59BD758A1DEFFC72003A7E45 /* Sources */,
				59BD758B1DEFFC72003A7E45 /* Frameworks */,
				59BD758C1DEFFC72003A7E45 /* CopyFiles */,
			);
			buildRules = (
			);
			dependencies = (
			);
			name = "web-service";
			productName = "web-service";
			productReference = 59BD758E1DEFFC72003A7E45 /* web-service */;
			productType = "com.apple.product-type.tool";
		};
/* End PBXNativeTarget section */

/* Begin PBXProject section */
		59BD75861DEFFC72003A7E45 /* Project object */ = {
			isa = PBXProject;
			attributes = {
				LastUpgradeCheck = 0810;
				ORGANIZATIONNAME = "Ivan Kishchenko";
				TargetAttributes = {
					59BD758D1DEFFC72003A7E45 = {
						CreatedOnToolsVersion = 8.1;
						ProvisioningStyle = Automatic;
					};
				};
			};
			buildConfigurationList = 59BD75891DEFFC72003A7E45 /* Build configuration list for PBXProject "web-service" */;
			compatibilityVersion = "Xcode 3.2";
			developmentRegion = English;
			hasScannedForEncodings = 0;
			knownRegions = (
				en,
			);
			mainGroup = 59BD75851DEFFC72003A7E45;
			productRefGroup = 59BD758F1DEFFC72003A7E45 /* Products */;
			projectDirPath = "";
			projectRoot = "";
			targets = (
				59BD758D1DEFFC72003A7E45 /* web-service */,
			);
		};
/* End PBXProject section */

/* Begin PBXSourcesBuildPhase section */
		59BD758A1DEFFC72003A7E45 /* Sources */ = {
			isa = PBXSourcesBuildPhase;
			buildActionMask = 2147483647;
			files = (
				59BD75921DEFFC72003A7E45 /* main.cpp in Sources */,
				59BD75A01DF00585003A7E45 /* spec.cpp in Sources */,
			);
			runOnlyForDeploymentPostprocessing = 0;
		};
/* End PBXSourcesBuildPhase section */

/* Begin XCBuildConfiguration section */
		59BD75931DEFFC72003A7E45 /* Debug */ = {
			isa = XCBuildConfiguration;
			buildSettings = {
				ALWAYS_SEARCH_USER_PATHS = NO;
				CLANG_ANALYZER_NONNULL = YES;
				CLANG_CXX_LANGUAGE_STANDARD = "gnu++0x";
				CLANG_CXX_LIBRARY = "libc++";
				CLANG_ENABLE_MODULES = YES;
				CLANG_ENABLE_OBJC_ARC = YES;
				CLANG_WARN_BOOL_CONVERSION = YES;
				CLANG_WARN_CONSTANT_CONVERSION = YES;
				CLANG_WARN_DIRECT_OBJC_ISA_USAGE = YES_ERROR;
				CLANG_WARN_DOCUMENTATION_COMMENTS = YES;
				CLANG_WARN_EMPTY_BODY = YES;
				CLANG_WARN_ENUM_CONVERSION = YES;
				CLANG_WARN_INFINITE_RECURSION = YES;
				CLANG_WARN_INT_CONVERSION = YES;
				CLANG_WARN_OBJC_ROOT_CLASS = YES_ERROR;
				CLANG_WARN_SUSPICIOUS_MOVES = YES;
				CLANG_WARN_UNREACHABLE_CODE = YES;
				CLANG_WARN__DUPLICATE_METHOD_MATCH = YES;
				CODE_SIGN_IDENTITY = "-";
				COPY_PHASE_STRIP = NO;
				DEBUG_INFORMATION_FORMAT = dwarf;
				ENABLE_STRICT_OBJC_MSGSEND = YES;
				ENABLE_TESTABILITY = YES;
				GCC_C_LANGUAGE_STANDARD = gnu99;
				GCC_DYNAMIC_NO_PIC = NO;
				GCC_NO_COMMON_BLOCKS = YES;
				GCC_OPTIMIZATION_LEVEL = 0;
				GCC_PREPROCESSOR_DEFINITIONS = (
					"DEBUG=1",
					"$(inherited)",
				);
				GCC_WARN_64_TO_32_BIT_CONVERSION = YES;
				GCC_WARN_ABOUT_RETURN_TYPE = YES_ERROR;
				GCC_WARN_UNDECLARED_SELECTOR = YES;
				GCC_WARN_UNINITIALIZED_AUTOS = YES_AGGRESSIVE;
				GCC_WARN_UNUSED_FUNCTION = YES;
				GCC_WARN_UNUSED_VARIABLE = YES;
				MACOSX_DEPLOYMENT_TARGET = 10.12;
				MTL_ENABLE_DEBUG_INFO = YES;
				ONLY_ACTIVE_ARCH = YES;
				SDKROOT = macosx;
			};
			name = Debug;
		};
		59BD75941DEFFC72003A7E45 /* Release */ = {
			isa = XCBuildConfiguration;
			buildSettings = {
				ALWAYS_SEARCH_USER_PATHS = NO;
				CLANG_ANALYZER_NONNULL = YES;
				CLANG_CXX_LANGUAGE_STANDARD = "gnu++0x";
				CLANG_CXX_LIBRARY = "libc++";
				CLANG_ENABLE_MODULES = YES;
				CLANG_ENABLE_OBJC_ARC = YES;
				CLANG_WARN_BOOL_CONVERSION = YES;
				CLANG_WARN_CONSTANT_CONVERSION = YES;
				CLANG_WARN_DIRECT_OBJC_ISA_USAGE = YES_ERROR;
				CLANG_WARN_DOCUMENTATION_COMMENTS = YES;
				CLANG_WARN_EMPTY_BODY = YES;
				CLANG_WARN_ENUM_CONVERSION = YES;
				CLANG_WARN_INFINITE_RECURSION = YES;
				CLANG_WARN_INT_CONVERSION = YES;
				CLANG_WARN_OBJC_ROOT_CLASS = YES_ERROR;
				CLANG_WARN_SUSPICIOUS_MOVES = YES;
				CLANG_WARN_UNREACHABLE_CODE = YES;
				CLANG_WARN__DUPLICATE_METHOD_MATCH = YES;
				CODE_SIGN_IDENTITY = "-";
				COPY_PHASE_STRIP = NO;
				DEBUG_INFORMATION_FORMAT = "dwarf-with-dsym";
				ENABLE_NS_ASSERTIONS = NO;
				ENABLE_STRICT_OBJC_MSGSEND = YES;
				GCC_C_LANGUAGE_STANDARD = gnu99;
				GCC_NO_COMMON_BLOCKS = YES;
				GCC_WARN_64_TO_32_BIT_CONVERSION = YES;
				GCC_WARN_ABOUT_RETURN_TYPE = YES_ERROR;
				GCC_WARN_UNDECLARED_SELECTOR = YES;
				GCC_WARN_UNINITIALIZED_AUTOS = YES_AGGRESSIVE;
				GCC_WARN_UNUSED_FUNCTION = YES;
				GCC_WARN_UNUSED_VARIABLE = YES;
				MACOSX_DEPLOYMENT_TARGET = 10.12;
				MTL_ENABLE_DEBUG_INFO = NO;
				SDKROOT = macosx;
			};
			name = Release;
		};
		59BD75961DEFFC72003A7E45 /* Debug */ = {
			isa = XCBuildConfiguration;
			buildSettings = {
				CLANG_CXX_LANGUAGE_STANDARD = "compiler-default";
				CLANG_CXX_LIBRARY = "compiler-default";
				GCC_C_LANGUAGE_STANDARD = "compiler-default";
				HEADER_SEARCH_PATHS = (
					/usr/include,
					/usr/local/include,
				);
				LIBRARY_SEARCH_PATHS = /usr/local/Cellar/boost/1.60.0_1/lib/;
				PRODUCT_NAME = "$(TARGET_NAME)";
				SCAN_ALL_SOURCE_FILES_FOR_INCLUDES = YES;
				STRINGS_FILE_OUTPUT_ENCODING = "UTF-8";
			};
			name = Debug;
		};
		59BD75971DEFFC72003A7E45 /* Release */ = {
			isa = XCBuildConfiguration;
			buildSettings = {
				CLANG_CXX_LANGUAGE_STANDARD = "compiler-default";
				CLANG_CXX_LIBRARY = "compiler-default";
				GCC_C_LANGUAGE_STANDARD = "compiler-default";
				HEADER_SEARCH_PATHS = (
					/usr/include,
					/usr/local/include,
				);
				LIBRARY_SEARCH_PATHS = /usr/local/Cellar/boost/1.60.0_1/lib/;
				PRODUCT_NAME = "$(TARGET_NAME)";
				SCAN_ALL_SOURCE_FILES_FOR_INCLUDES = YES;
				STRINGS_FILE_OUTPUT_ENCODING = "UTF-8";
			};
			name = Release;
		};
/* End XCBuildConfiguration section */

/* Begin XCConfigurationList section */
		59BD75891DEFFC72003A7E45 /* Build configuration list for PBXProject "web-service" */ = {
			isa = XCConfigurationList;
			buildConfigurations = (
				59BD75931DEFFC72003A7E45 /* Debug */,
				59BD75941DEFFC72003A7E45 /* Release */,
			);
			defaultConfigurationIsVisible = 0;
			defaultConfigurationName = Release;
		};
		59BD75951DEFFC72003A7E45 /* Build configuration list for PBXNativeTarget "web-service" */ = {
			isa = XCConfigurationList;
			buildConfigurations = (
				59BD75961DEFFC72003A7E45 /* Debug */,
				59BD75971DEFFC72003A7E45 /* Release */,
			);
			defaultConfigurationIsVisible = 0;
			defaultConfigurationName = Release;
		};
/* End XCConfigurationList section */
	};
	rootObject = 59BD75861DEFFC72003A7E45 /* Project object */;
}
